
Microsoft Visual Studio Solution File, Format Version 12.00
# Visual Studio Version 16
VisualStudioVersion = 16.0.30907.101
MinimumVisualStudioVersion = 10.0.40219.1
Project("{9A19103F-16F7-4668-BE54-9A1E7A4F7556}") = "GCUSMS", "GCUSMS.csproj", "{1E73BC7F-731E-4298-9B9F-D0D6C34A6B09}"
EndProject
Global
	GlobalSection(SolutionConfigurationPlatforms) = preSolution
		Debug|Any CPU = Debug|Any CPU
		Release|Any CPU = Release|Any CPU
	EndGlobalSection
	GlobalSection(ProjectConfigurationPlatforms) = postSolution
		{1E73BC7F-731E-4298-9B9F-D0D6C34A6B09}.Debug|Any CPU.ActiveCfg = Debug|Any CPU
		{1E73BC7F-731E-4298-9B9F-D0D6C34A6B09}.Debug|Any CPU.Build.0 = Debug|Any CPU
		{1E73BC7F-731E-4298-9B9F-D0D6C34A6B09}.Release|Any CPU.ActiveCfg = Release|Any CPU
		{1E73BC7F-731E-4298-9B9F-D0D6C34A6B09}.Release|Any CPU.Build.0 = Release|Any CPU
	EndGlobalSection
	GlobalSection(SolutionProperties) = preSolution
		HideSolutionNode = FALSE
	EndGlobalSection
	GlobalSection(ExtensibilityGlobals) = postSolution
		SolutionGuid = {DA2278EB-F116-47C4-B808-B76BB43D5927}
	EndGlobalSection
EndGlobal
